
Microsoft Visual Studio Solution File, Format Version 12.00
# Visual Studio Version 17
VisualStudioVersion = 17.7.34031.279
MinimumVisualStudioVersion = 10.0.40219.1
Project("{8BC9CEB8-8B4A-11D0-8D11-00A0C91BC942}") = "3.2", "3.2\3.2.vcxproj", "{CFE45517-BA80-43CB-934A-5BE685CBF294}"
EndProject
Project("{8BC9CEB8-8B4A-11D0-8D11-00A0C91BC942}") = "3.4", "3.4\3.4.vcxproj", "{4616CC72-34A7-44E9-A79E-1A254C9ECDDB}"
EndProject
Project("{8BC9CEB8-8B4A-11D0-8D11-00A0C91BC942}") = "3.5", "3.5\3.5.vcxproj", "{8D782908-EFA9-4E2C-B80B-8F96BE472AE6}"
EndProject
Project("{8BC9CEB8-8B4A-11D0-8D11-00A0C91BC942}") = "4.1", "4.1\4.1.vcxproj", "{29E6B01C-816D-4471-A2AF-D4C315D44AEE}"
EndProject
Project("{8BC9CEB8-8B4A-11D0-8D11-00A0C91BC942}") = "4.2", "4.2\4.2.vcxproj", "{9478F21A-B23F-4297-9CDE-7DAAAECE3E64}"
EndProject
Project("{8BC9CEB8-8B4A-11D0-8D11-00A0C91BC942}") = "4.3", "4.3\4.3.vcxproj", "{E00E5807-9A60-4B33-ABAB-64DA24DD1BF6}"
EndProject
Project("{8BC9CEB8-8B4A-11D0-8D11-00A0C91BC942}") = "4.4", "4.4\4.4.vcxproj", "{BC0C010C-B7B8-43D2-B0EE-3B6E1F72EA92}"
EndProject
Project("{8BC9CEB8-8B4A-11D0-8D11-00A0C91BC942}") = "4.5", "4.5\4.5.vcxproj", "{6F9BFE80-8B37-4D3A-81E2-74475832241E}"
EndProject
Project("{8BC9CEB8-8B4A-11D0-8D11-00A0C91BC942}") = "4.6", "4.6\4.6.vcxproj", "{85225D6B-1D04-4D2F-B7DD-8CF63A2B3F0F}"
EndProject
Project("{8BC9CEB8-8B4A-11D0-8D11-00A0C91BC942}") = "二.1", "二.1\二.1.vcxproj", "{596CA087-6484-4F27-8F89-B10017B6CE29}"
EndProject
Project("{8BC9CEB8-8B4A-11D0-8D11-00A0C91BC942}") = "二.2", "二.2\二.2.vcxproj", "{C9BC4092-D5A6-4D34-988A-D5E4085F2E8C}"
EndProject
Project("{8BC9CEB8-8B4A-11D0-8D11-00A0C91BC942}") = "二.3", "二.3\二.3.vcxproj", "{2E5BF96F-BE02-42D3-A8DE-E627AB957D1D}"
EndProject
Project("{8BC9CEB8-8B4A-11D0-8D11-00A0C91BC942}") = "3.1", "3.1\3.1.vcxproj", "{F7CEB8B9-486F-4963-8F02-8EE5AF495DB6}"
EndProject
Global
	GlobalSection(SolutionConfigurationPlatforms) = preSolution
		Debug|x64 = Debug|x64
		Debug|x86 = Debug|x86
		Release|x64 = Release|x64
		Release|x86 = Release|x86
	EndGlobalSection
	GlobalSection(ProjectConfigurationPlatforms) = postSolution
		{CFE45517-BA80-43CB-934A-5BE685CBF294}.Debug|x64.ActiveCfg = Debug|x64
		{CFE45517-BA80-43CB-934A-5BE685CBF294}.Debug|x64.Build.0 = Debug|x64
		{CFE45517-BA80-43CB-934A-5BE685CBF294}.Debug|x86.ActiveCfg = Debug|Win32
		{CFE45517-BA80-43CB-934A-5BE685CBF294}.Debug|x86.Build.0 = Debug|Win32
		{CFE45517-BA80-43CB-934A-5BE685CBF294}.Release|x64.ActiveCfg = Release|x64
		{CFE45517-BA80-43CB-934A-5BE685CBF294}.Release|x64.Build.0 = Release|x64
		{CFE45517-BA80-43CB-934A-5BE685CBF294}.Release|x86.ActiveCfg = Release|Win32
		{CFE45517-BA80-43CB-934A-5BE685CBF294}.Release|x86.Build.0 = Release|Win32
		{4616CC72-34A7-44E9-A79E-1A254C9ECDDB}.Debug|x64.ActiveCfg = Debug|x64
		{4616CC72-34A7-44E9-A79E-1A254C9ECDDB}.Debug|x64.Build.0 = Debug|x64
		{4616CC72-34A7-44E9-A79E-1A254C9ECDDB}.Debug|x86.ActiveCfg = Debug|Win32
		{4616CC72-34A7-44E9-A79E-1A254C9ECDDB}.Debug|x86.Build.0 = Debug|Win32
		{4616CC72-34A7-44E9-A79E-1A254C9ECDDB}.Release|x64.ActiveCfg = Release|x64
		{4616CC72-34A7-44E9-A79E-1A254C9ECDDB}.Release|x64.Build.0 = Release|x64
		{4616CC72-34A7-44E9-A79E-1A254C9ECDDB}.Release|x86.ActiveCfg = Release|Win32
		{4616CC72-34A7-44E9-A79E-1A254C9ECDDB}.Release|x86.Build.0 = Release|Win32
		{8D782908-EFA9-4E2C-B80B-8F96BE472AE6}.Debug|x64.ActiveCfg = Debug|x64
		{8D782908-EFA9-4E2C-B80B-8F96BE472AE6}.Debug|x64.Build.0 = Debug|x64
		{8D782908-EFA9-4E2C-B80B-8F96BE472AE6}.Debug|x86.ActiveCfg = Debug|Win32
		{8D782908-EFA9-4E2C-B80B-8F96BE472AE6}.Debug|x86.Build.0 = Debug|Win32
		{8D782908-EFA9-4E2C-B80B-8F96BE472AE6}.Release|x64.ActiveCfg = Release|x64
		{8D782908-EFA9-4E2C-B80B-8F96BE472AE6}.Release|x64.Build.0 = Release|x64
		{8D782908-EFA9-4E2C-B80B-8F96BE472AE6}.Release|x86.ActiveCfg = Release|Win32
		{8D782908-EFA9-4E2C-B80B-8F96BE472AE6}.Release|x86.Build.0 = Release|Win32
		{29E6B01C-816D-4471-A2AF-D4C315D44AEE}.Debug|x64.ActiveCfg = Debug|x64
		{29E6B01C-816D-4471-A2AF-D4C315D44AEE}.Debug|x64.Build.0 = Debug|x64
		{29E6B01C-816D-4471-A2AF-D4C315D44AEE}.Debug|x86.ActiveCfg = Debug|Win32
		{29E6B01C-816D-4471-A2AF-D4C315D44AEE}.Debug|x86.Build.0 = Debug|Win32
		{29E6B01C-816D-4471-A2AF-D4C315D44AEE}.Release|x64.ActiveCfg = Release|x64
		{29E6B01C-816D-4471-A2AF-D4C315D44AEE}.Release|x64.Build.0 = Release|x64
		{29E6B01C-816D-4471-A2AF-D4C315D44AEE}.Release|x86.ActiveCfg = Release|Win32
		{29E6B01C-816D-4471-A2AF-D4C315D44AEE}.Release|x86.Build.0 = Release|Win32
		{9478F21A-B23F-4297-9CDE-7DAAAECE3E64}.Debug|x64.ActiveCfg = Debug|x64
		{9478F21A-B23F-4297-9CDE-7DAAAECE3E64}.Debug|x64.Build.0 = Debug|x64
		{9478F21A-B23F-4297-9CDE-7DAAAECE3E64}.Debug|x86.ActiveCfg = Debug|Win32
		{9478F21A-B23F-4297-9CDE-7DAAAECE3E64}.Debug|x86.Build.0 = Debug|Win32
		{9478F21A-B23F-4297-9CDE-7DAAAECE3E64}.Release|x64.ActiveCfg = Release|x64
		{9478F21A-B23F-4297-9CDE-7DAAAECE3E64}.Release|x64.Build.0 = Release|x64
		{9478F21A-B23F-4297-9CDE-7DAAAECE3E64}.Release|x86.ActiveCfg = Release|Win32
		{9478F21A-B23F-4297-9CDE-7DAAAECE3E64}.Release|x86.Build.0 = Release|Win32
		{E00E5807-9A60-4B33-ABAB-64DA24DD1BF6}.Debug|x64.ActiveCfg = Debug|x64
		{E00E5807-9A60-4B33-ABAB-64DA24DD1BF6}.Debug|x64.Build.0 = Debug|x64
		{E00E5807-9A60-4B33-ABAB-64DA24DD1BF6}.Debug|x86.ActiveCfg = Debug|Win32
		{E00E5807-9A60-4B33-ABAB-64DA24DD1BF6}.Debug|x86.Build.0 = Debug|Win32
		{E00E5807-9A60-4B33-ABAB-64DA24DD1BF6}.Release|x64.ActiveCfg = Release|x64
		{E00E5807-9A60-4B33-ABAB-64DA24DD1BF6}.Release|x64.Build.0 = Release|x64
		{E00E5807-9A60-4B33-ABAB-64DA24DD1BF6}.Release|x86.ActiveCfg = Release|Win32
		{E00E5807-9A60-4B33-ABAB-64DA24DD1BF6}.Release|x86.Build.0 = Release|Win32
		{BC0C010C-B7B8-43D2-B0EE-3B6E1F72EA92}.Debug|x64.ActiveCfg = Debug|x64
		{BC0C010C-B7B8-43D2-B0EE-3B6E1F72EA92}.Debug|x64.Build.0 = Debug|x64
		{BC0C010C-B7B8-43D2-B0EE-3B6E1F72EA92}.Debug|x86.ActiveCfg = Debug|Win32
		{BC0C010C-B7B8-43D2-B0EE-3B6E1F72EA92}.Debug|x86.Build.0 = Debug|Win32
		{BC0C010C-B7B8-43D2-B0EE-3B6E1F72EA92}.Release|x64.ActiveCfg = Release|x64
		{BC0C010C-B7B8-43D2-B0EE-3B6E1F72EA92}.Release|x64.Build.0 = Release|x64
		{BC0C010C-B7B8-43D2-B0EE-3B6E1F72EA92}.Release|x86.ActiveCfg = Release|Win32
		{BC0C010C-B7B8-43D2-B0EE-3B6E1F72EA92}.Release|x86.Build.0 = Release|Win32
		{6F9BFE80-8B37-4D3A-81E2-74475832241E}.Debug|x64.ActiveCfg = Debug|x64
		{6F9BFE80-8B37-4D3A-81E2-74475832241E}.Debug|x64.Build.0 = Debug|x64
		{6F9BFE80-8B37-4D3A-81E2-74475832241E}.Debug|x86.ActiveCfg = Debug|Win32
		{6F9BFE80-8B37-4D3A-81E2-74475832241E}.Debug|x86.Build.0 = Debug|Win32
		{6F9BFE80-8B37-4D3A-81E2-74475832241E}.Release|x64.ActiveCfg = Release|x64
		{6F9BFE80-8B37-4D3A-81E2-74475832241E}.Release|x64.Build.0 = Release|x64
		{6F9BFE80-8B37-4D3A-81E2-74475832241E}.Release|x86.ActiveCfg = Release|Win32
		{6F9BFE80-8B37-4D3A-81E2-74475832241E}.Release|x86.Build.0 = Release|Win32
		{85225D6B-1D04-4D2F-B7DD-8CF63A2B3F0F}.Debug|x64.ActiveCfg = Debug|x64
		{85225D6B-1D04-4D2F-B7DD-8CF63A2B3F0F}.Debug|x64.Build.0 = Debug|x64
		{85225D6B-1D04-4D2F-B7DD-8CF63A2B3F0F}.Debug|x86.ActiveCfg = Debug|Win32
		{85225D6B-1D04-4D2F-B7DD-8CF63A2B3F0F}.Debug|x86.Build.0 = Debug|Win32
		{85225D6B-1D04-4D2F-B7DD-8CF63A2B3F0F}.Release|x64.ActiveCfg = Release|x64
		{85225D6B-1D04-4D2F-B7DD-8CF63A2B3F0F}.Release|x64.Build.0 = Release|x64
		{85225D6B-1D04-4D2F-B7DD-8CF63A2B3F0F}.Release|x86.ActiveCfg = Release|Win32
		{85225D6B-1D04-4D2F-B7DD-8CF63A2B3F0F}.Release|x86.Build.0 = Release|Win32
		{596CA087-6484-4F27-8F89-B10017B6CE29}.Debug|x64.ActiveCfg = Debug|x64
		{596CA087-6484-4F27-8F89-B10017B6CE29}.Debug|x64.Build.0 = Debug|x64
		{596CA087-6484-4F27-8F89-B10017B6CE29}.Debug|x86.ActiveCfg = Debug|Win32
		{596CA087-6484-4F27-8F89-B10017B6CE29}.Debug|x86.Build.0 = Debug|Win32
		{596CA087-6484-4F27-8F89-B10017B6CE29}.Release|x64.ActiveCfg = Release|x64
		{596CA087-6484-4F27-8F89-B10017B6CE29}.Release|x64.Build.0 = Release|x64
		{596CA087-6484-4F27-8F89-B10017B6CE29}.Release|x86.ActiveCfg = Release|Win32
		{596CA087-6484-4F27-8F89-B10017B6CE29}.Release|x86.Build.0 = Release|Win32
		{C9BC4092-D5A6-4D34-988A-D5E4085F2E8C}.Debug|x64.ActiveCfg = Debug|x64
		{C9BC4092-D5A6-4D34-988A-D5E4085F2E8C}.Debug|x64.Build.0 = Debug|x64
		{C9BC4092-D5A6-4D34-988A-D5E4085F2E8C}.Debug|x86.ActiveCfg = Debug|Win32
		{C9BC4092-D5A6-4D34-988A-D5E4085F2E8C}.Debug|x86.Build.0 = Debug|Win32
		{C9BC4092-D5A6-4D34-988A-D5E4085F2E8C}.Release|x64.ActiveCfg = Release|x64
		{C9BC4092-D5A6-4D34-988A-D5E4085F2E8C}.Release|x64.Build.0 = Release|x64
		{C9BC4092-D5A6-4D34-988A-D5E4085F2E8C}.Release|x86.ActiveCfg = Release|Win32
		{C9BC4092-D5A6-4D34-988A-D5E4085F2E8C}.Release|x86.Build.0 = Release|Win32
		{2E5BF96F-BE02-42D3-A8DE-E627AB957D1D}.Debug|x64.ActiveCfg = Debug|x64
		{2E5BF96F-BE02-42D3-A8DE-E627AB957D1D}.Debug|x64.Build.0 = Debug|x64
		{2E5BF96F-BE02-42D3-A8DE-E627AB957D1D}.Debug|x86.ActiveCfg = Debug|Win32
		{2E5BF96F-BE02-42D3-A8DE-E627AB957D1D}.Debug|x86.Build.0 = Debug|Win32
		{2E5BF96F-BE02-42D3-A8DE-E627AB957D1D}.Release|x64.ActiveCfg = Release|x64
		{2E5BF96F-BE02-42D3-A8DE-E627AB957D1D}.Release|x64.Build.0 = Release|x64
		{2E5BF96F-BE02-42D3-A8DE-E627AB957D1D}.Release|x86.ActiveCfg = Release|Win32
		{2E5BF96F-BE02-42D3-A8DE-E627AB957D1D}.Release|x86.Build.0 = Release|Win32
		{F7CEB8B9-486F-4963-8F02-8EE5AF495DB6}.Debug|x64.ActiveCfg = Debug|x64
		{F7CEB8B9-486F-4963-8F02-8EE5AF495DB6}.Debug|x64.Build.0 = Debug|x64
		{F7CEB8B9-486F-4963-8F02-8EE5AF495DB6}.Debug|x86.ActiveCfg = Debug|Win32
		{F7CEB8B9-486F-4963-8F02-8EE5AF495DB6}.Debug|x86.Build.0 = Debug|Win32
		{F7CEB8B9-486F-4963-8F02-8EE5AF495DB6}.Release|x64.ActiveCfg = Release|x64
		{F7CEB8B9-486F-4963-8F02-8EE5AF495DB6}.Release|x64.Build.0 = Release|x64
		{F7CEB8B9-486F-4963-8F02-8EE5AF495DB6}.Release|x86.ActiveCfg = Release|Win32
		{F7CEB8B9-486F-4963-8F02-8EE5AF495DB6}.Release|x86.Build.0 = Release|Win32
	EndGlobalSection
	GlobalSection(SolutionProperties) = preSolution
		HideSolutionNode = FALSE
	EndGlobalSection
	GlobalSection(ExtensibilityGlobals) = postSolution
		SolutionGuid = {5D0E6C78-685A-4732-8722-0BC75B637175}
	EndGlobalSection
EndGlobal
